
Microsoft Visual Studio Solution File, Format Version 12.00
# Visual Studio Version 17
VisualStudioVersion = 17.4.33213.308
MinimumVisualStudioVersion = 10.0.40219.1
Project("{FAE04EC0-301F-11D3-BF4B-00C04F79EFBC}") = "ConsoleMonGame", "ConsoleMonGame\ConsoleMonGame.csproj", "{ACB2FAF3-0A0D-4413-A856-B64E1F674EE5}"
EndProject
Global
	GlobalSection(SolutionConfigurationPlatforms) = preSolution
		Debug|Any CPU = Debug|Any CPU
		Release|Any CPU = Release|Any CPU
	EndGlobalSection
	GlobalSection(ProjectConfigurationPlatforms) = postSolution
		{ACB2FAF3-0A0D-4413-A856-B64E1F674EE5}.Debug|Any CPU.ActiveCfg = Debug|Any CPU
		{ACB2FAF3-0A0D-4413-A856-B64E1F674EE5}.Debug|Any CPU.Build.0 = Debug|Any CPU
		{ACB2FAF3-0A0D-4413-A856-B64E1F674EE5}.Release|Any CPU.ActiveCfg = Release|Any CPU
		{ACB2FAF3-0A0D-4413-A856-B64E1F674EE5}.Release|Any CPU.Build.0 = Release|Any CPU
	EndGlobalSection
	GlobalSection(SolutionProperties) = preSolution
		HideSolutionNode = FALSE
	EndGlobalSection
	GlobalSection(ExtensibilityGlobals) = postSolution
		SolutionGuid = {353CA40D-5C47-4DBD-8C89-A1D7EC73C4A1}
	EndGlobalSection
EndGlobal
